// !$*UTF8*$!
{
	archiveVersion = 1;
	classes = {
	};
	objectVersion = 77;
	objects = {

/* Begin PBXBuildFile section */
		01A2C76A4003DCC5A108D31A /* RYE_OFL.txt in Resources */ = {isa = PBXBuildFile; fileRef = D1684BD9259826B81E131C16 /* RYE_OFL.txt */; };
		02616DC4D1CA26ADA22F8BB2 /* PhotoGalleryStrip.swift in Sources */ = {isa = PBXBuildFile; fileRef = 6E99B05150FB74E0702C8EE1 /* PhotoGalleryStrip.swift */; };
		0B5462D0047A33B56E2349B8 /* JoinedGamePersistenceTests.swift in Sources */ = {isa = PBXBuildFile; fileRef = 397E95125541F344710C8D86 /* JoinedGamePersistenceTests.swift */; };
		138963B8F8DB38E68E3A1CD6 /* EndToEndFlowTests.swift in Sources */ = {isa = PBXBuildFile; fileRef = BA5BA2BB5E726C1BE0DCC335 /* EndToEndFlowTests.swift */; };
		1562F289BDEDB82BD8CE508E /* VisionPipCounter.swift in Sources */ = {isa = PBXBuildFile; fileRef = 43064972E98269C5B1F51EB3 /* VisionPipCounter.swift */; };
		1CD7A00F57BC374BE795E4A7 /* Capture.swift in Sources */ = {isa = PBXBuildFile; fileRef = 1909638E586E63EAC40D29CB /* Capture.swift */; };
		1F1CEA5BEDE598CEFC652482 /* VisionPipCounterTests.swift in Sources */ = {isa = PBXBuildFile; fileRef = 8E19211EF81A035ABCC855A2 /* VisionPipCounterTests.swift */; };
		2023EE1C32DC315D13C475BA /* ConfettiView.swift in Sources */ = {isa = PBXBuildFile; fileRef = 51C131F6EE22DD92F7F72952 /* ConfettiView.swift */; };
		20520AFA3270454FB374EC86 /* AppButtonStyles.swift in Sources */ = {isa = PBXBuildFile; fileRef = 286481A34B486537C6B60048 /* AppButtonStyles.swift */; };
		214A50E90459355EA8DBFAA3 /* AppSettings.swift in Sources */ = {isa = PBXBuildFile; fileRef = 4E2A6129D86D73739A4EC244 /* AppSettings.swift */; };
		23FDC767B6B3944D401F255B /* HouseRules.swift in Sources */ = {isa = PBXBuildFile; fileRef = 94C780E442BA7C160205C25C /* HouseRules.swift */; };
		25F31180001FAEA8BFFF7DA3 /* ScoringTests.swift in Sources */ = {isa = PBXBuildFile; fileRef = B349A99B53A4356034456F37 /* ScoringTests.swift */; };
		2A5AA18A0AED4CA6167C0950 /* AppHeaderBar.swift in Sources */ = {isa = PBXBuildFile; fileRef = 4ED1FD058A586471963373EC /* AppHeaderBar.swift */; };
		2C47A0FEF3E44AE46CFB12A8 /* JoinedGameRecord.swift in Sources */ = {isa = PBXBuildFile; fileRef = 00C60CDE91D787A92EFB1B8C /* JoinedGameRecord.swift */; };
		36253401299023E5027DEEEA /* TrainingDataExporterTests.swift in Sources */ = {isa = PBXBuildFile; fileRef = F03B3E7756576BB27BC3D3DF /* TrainingDataExporterTests.swift */; };
		37D1DACF125479E280746A46 /* DominoGlyph.swift in Sources */ = {isa = PBXBuildFile; fileRef = C213CD19D031BEB200E5703D /* DominoGlyph.swift */; };
		3F2509A5DF8AE904EC3A7CC4 /* SwipeToDelete.swift in Sources */ = {isa = PBXBuildFile; fileRef = 2FD5D56211BE592BA9EB0BD2 /* SwipeToDelete.swift */; };
		4386340CC293FAD080156988 /* EditableDetectionOverlay.swift in Sources */ = {isa = PBXBuildFile; fileRef = AA807E9299164F22763804CF /* EditableDetectionOverlay.swift */; };
		43C3C3354FA8743017C46504 /* PipCounter.swift in Sources */ = {isa = PBXBuildFile; fileRef = C3ED41C35BD47CF4FF38E035 /* PipCounter.swift */; };
		4476B342A1AB87C30153C9B3 /* QRScannerView.swift in Sources */ = {isa = PBXBuildFile; fileRef = 91B36C4A7287D64656A09745 /* QRScannerView.swift */; };
		47F2FEC85D7E04A52739D9BC /* DetectionOverlay.swift in Sources */ = {isa = PBXBuildFile; fileRef = 6673767DB628D0C366BDDE8C /* DetectionOverlay.swift */; };
		49DE55F1BD5B0B0B8DB7BC19 /* TileObservation.swift in Sources */ = {isa = PBXBuildFile; fileRef = DAB2D81705B411EFDDAA0C9B /* TileObservation.swift */; };
		4A8AB2EDA15EC4015CC9DAE8 /* MockPipCounter.swift in Sources */ = {isa = PBXBuildFile; fileRef = 9CD9E75B2B0471B31643E977 /* MockPipCounter.swift */; };
		4DB8B93338827A63B799A283 /* Assets.xcassets in Resources */ = {isa = PBXBuildFile; fileRef = E8E662B62C184EF266FECD74 /* Assets.xcassets */; };
		50330676C9B0B5F496CDCD56 /* DominoDetector.mlpackage in Sources */ = {isa = PBXBuildFile; fileRef = DD448005F7BE93B07B0B2814 /* DominoDetector.mlpackage */; };
		510F9649D390F11E70C4E3C0 /* TrainColorPicker.swift in Sources */ = {isa = PBXBuildFile; fileRef = 1BCDAAA79530D46CE780CC99 /* TrainColorPicker.swift */; };
		51AAC8CC3FEC9BE77671B2C4 /* Rye-Regular.ttf in Resources */ = {isa = PBXBuildFile; fileRef = 8E6C3D83FDA6BFD33FD4E789 /* Rye-Regular.ttf */; };
		5B141FDEE89FEAA83D6EE339 /* JoinerCameraView.swift in Sources */ = {isa = PBXBuildFile; fileRef = 2C292F231F8E709D3099A557 /* JoinerCameraView.swift */; };
		62CE0725798999A1C54CA29E /* AppCoordinator.swift in Sources */ = {isa = PBXBuildFile; fileRef = 1B9A4193B21C06D661BF2CA9 /* AppCoordinator.swift */; };
		64FC89F80BC9B592416F17A0 /* MexicanTrainApp.swift in Sources */ = {isa = PBXBuildFile; fileRef = 7314EF58B8DDAA5F01B25695 /* MexicanTrainApp.swift */; };
		6A31214A8EE7B7B7EE5640EC /* NetworkingTests.swift in Sources */ = {isa = PBXBuildFile; fileRef = 5921690E22278A61B30EDB6F /* NetworkingTests.swift */; };
		7105FCBA9DBF6C0247C792DE /* DebugSeed.swift in Sources */ = {isa = PBXBuildFile; fileRef = CEF7A1974A3F7463A44E9D13 /* DebugSeed.swift */; };
		7B589E747D5A3BCCDE1350C2 /* CameraCapture.swift in Sources */ = {isa = PBXBuildFile; fileRef = 1B5E22C6516B777F65955FF3 /* CameraCapture.swift */; };
		7B5E2D6665BFD21569D16BDD /* Game.swift in Sources */ = {isa = PBXBuildFile; fileRef = FF98A4AAF7AB5423C9330302 /* Game.swift */; };
		7D04E8EA23AAAA38E4C958C7 /* Fonts.swift in Sources */ = {isa = PBXBuildFile; fileRef = CD56E9F2413E34227D224E51 /* Fonts.swift */; };
		804A137BBE22AF85AAE82CF8 /* KeypadView.swift in Sources */ = {isa = PBXBuildFile; fileRef = 35F3A86B6F9673693E57862C /* KeypadView.swift */; };
		80E832EBA55FB67158F54611 /* SmokeTests.swift in Sources */ = {isa = PBXBuildFile; fileRef = 177FA83BBBF9C017F000FDB6 /* SmokeTests.swift */; };
		876B067F7E25B5A626903C10 /* LICENSE.fonts.txt in Resources */ = {isa = PBXBuildFile; fileRef = DCBDBEDA3A3696980758CA16 /* LICENSE.fonts.txt */; };
		8ABB5112AE4EC5325FB167DD /* HostBroadcaster.swift in Sources */ = {isa = PBXBuildFile; fileRef = 5FE52AC59F45C3D8841AF4A3 /* HostBroadcaster.swift */; };
		8C9E3764630E45E8FC11D42D /* JoinSheet.swift in Sources */ = {isa = PBXBuildFile; fileRef = 725441B21444BDA5EFF7B758 /* JoinSheet.swift */; };
		939AEFD2B65AF8FF8F5EF299 /* Score.swift in Sources */ = {isa = PBXBuildFile; fileRef = 79C6904F8700EFE698F3A7F5 /* Score.swift */; };
		9A307F45D3A0C25E84C12D20 /* PhotoStore.swift in Sources */ = {isa = PBXBuildFile; fileRef = 6909D9519FCD9433CDE46344 /* PhotoStore.swift */; };
		A0E2C6D0239E5B9803DBFBAA /* DebugRoute.swift in Sources */ = {isa = PBXBuildFile; fileRef = 32F4F6F16E67BDE262310C51 /* DebugRoute.swift */; };
		A2E8C862C7C3D2EC69B06042 /* ThemeEnvironment.swift in Sources */ = {isa = PBXBuildFile; fileRef = 4F46A8DC2126AF95B10C13E9 /* ThemeEnvironment.swift */; };
		A51F0BE4B7FD13F48F1F0E5D /* EndGameView.swift in Sources */ = {isa = PBXBuildFile; fileRef = F4F4F713E996CB0B193C43B5 /* EndGameView.swift */; };
		A82E05A0B3870259E211B861 /* JoinURL.swift in Sources */ = {isa = PBXBuildFile; fileRef = 8969B81A3C44EC44ED0EF361 /* JoinURL.swift */; };
		AA3F4999858275EA87D471B0 /* WinnerCard.swift in Sources */ = {isa = PBXBuildFile; fileRef = 5CF59D159320A4BBF72B4AF5 /* WinnerCard.swift */; };
		AB260EB96112C9DBDEC1E1DE /* SettingsView.swift in Sources */ = {isa = PBXBuildFile; fileRef = 8E6C8061340973B8B5829D26 /* SettingsView.swift */; };
		AC684C06A4D0EB5318C50470 /* SpecialElite-Regular.ttf in Resources */ = {isa = PBXBuildFile; fileRef = 852F707BAAB6ED4AAAEC835C /* SpecialElite-Regular.ttf */; };
		AFB924047FD1B565C8B3C8BD /* Theme.swift in Sources */ = {isa = PBXBuildFile; fileRef = D488EEA6C81BAFECD3BD734F /* Theme.swift */; };
		B1AD4AF6ED26046ACED287AF /* MODEL_CONTRACT.md in Resources */ = {isa = PBXBuildFile; fileRef = 6054B35D609ADA3583F26F61 /* MODEL_CONTRACT.md */; };
		B6BEB16FED36987C0D074AEB /* TrainingDataExporter.swift in Sources */ = {isa = PBXBuildFile; fileRef = 18A5654F25B833FD63F4C810 /* TrainingDataExporter.swift */; };
		BA2CB26C3F2CDAAE7F6436A8 /* ManualEntryView.swift in Sources */ = {isa = PBXBuildFile; fileRef = 3417DB8F4D21EDCC0E21D55A /* ManualEntryView.swift */; };
		BE2726C4E02715AE9858528A /* PipCounterFactory.swift in Sources */ = {isa = PBXBuildFile; fileRef = EE2638269AF10CA0C3EE5C54 /* PipCounterFactory.swift */; };
		BE893620F8EA076761186E03 /* GameReportTests.swift in Sources */ = {isa = PBXBuildFile; fileRef = 0F64B0C76528878FE0A2C6A7 /* GameReportTests.swift */; };
		BF43A9A96C11F4C74CC42D5A /* DeviceIdentity.swift in Sources */ = {isa = PBXBuildFile; fileRef = 47FA9FF5417F48B7933037A6 /* DeviceIdentity.swift */; };
		C1E2FB513315694F98F7EEC1 /* CapturePersistence.swift in Sources */ = {isa = PBXBuildFile; fileRef = B8DBCD40962C2D7D38EF7B7E /* CapturePersistence.swift */; };
		C1E73997A799A823C9AB45C5 /* SpectatorView.swift in Sources */ = {isa = PBXBuildFile; fileRef = 9336EE4460AF5E95EB005566 /* SpectatorView.swift */; };
		C263C813437C3C707A98E065 /* GameReport.swift in Sources */ = {isa = PBXBuildFile; fileRef = C1D699D15E7EF75F449B6AC5 /* GameReport.swift */; };
		C8B41927A0C747F500C829E2 /* JoinedGameView.swift in Sources */ = {isa = PBXBuildFile; fileRef = 7CACA22D3CDA3F21AE328D14 /* JoinedGameView.swift */; };
		CA9C11D6D188E8BDF88D5FB5 /* NewGameView.swift in Sources */ = {isa = PBXBuildFile; fileRef = B6A39CF4E85F2D8F538120B4 /* NewGameView.swift */; };
		D17A765FF42F1FBD05F46B86 /* QRCodeView.swift in Sources */ = {isa = PBXBuildFile; fileRef = 15BBA822DEFF1A0EBDD57D43 /* QRCodeView.swift */; };
		D4D3EDABF92C926841001AE8 /* SPECIALELITE_LICENSE.txt in Resources */ = {isa = PBXBuildFile; fileRef = 0F414C277FBA017569BC6BD3 /* SPECIALELITE_LICENSE.txt */; };
		D9311021C8B41BB552A569CE /* PhotoStoreTests.swift in Sources */ = {isa = PBXBuildFile; fileRef = 1313CE27C42B3D4C9091ECD7 /* PhotoStoreTests.swift */; };
		DC1AB8366C4ED227B9A83B6C /* AuditView.swift in Sources */ = {isa = PBXBuildFile; fileRef = AD50C405815876BBCE06F57A /* AuditView.swift */; };
		DF7F93FCBB67AB327D1108F3 /* RoomCode.swift in Sources */ = {isa = PBXBuildFile; fileRef = B6A747FC868B6580A9F01237 /* RoomCode.swift */; };
		E126D69E5456EC3D43362214 /* JoinedGamePersistence.swift in Sources */ = {isa = PBXBuildFile; fileRef = 61D9FF2F419D8FBF5319E556 /* JoinedGamePersistence.swift */; };
		E6478AE9AA7DD71C7A67B161 /* MexTrainNetSession.swift in Sources */ = {isa = PBXBuildFile; fileRef = E10604A76B6860DFE12B0213 /* MexTrainNetSession.swift */; };
		E73255F1515F1B28970B4701 /* GamePersistence.swift in Sources */ = {isa = PBXBuildFile; fileRef = 286051517F5CA4E76255B152 /* GamePersistence.swift */; };
		E7B795E9E7847B2ACF7EF702 /* HomeView.swift in Sources */ = {isa = PBXBuildFile; fileRef = 6A397F54474BA553D0CCD821 /* HomeView.swift */; };
		E9C0FC056D5AB031A0062E5A /* ScoreboardView.swift in Sources */ = {isa = PBXBuildFile; fileRef = 7E747CB2D4D49CBE4BE654AC /* ScoreboardView.swift */; };
		EAC945BB099E2C0975877839 /* GameSnapshot.swift in Sources */ = {isa = PBXBuildFile; fileRef = F416DCFCC6FDDF33431E57D8 /* GameSnapshot.swift */; };
		301E3BE57D70933A4E015915 /* TCPBridge.swift in Sources */ = {isa = PBXBuildFile; fileRef = C9E25E8C4E83D2A07682AB3C /* TCPBridge.swift */; };
		A1B2C3D4E5F6A7B8C9D0E1F2 /* NSDServiceBrowserDelegate.swift in Sources */ = {isa = PBXBuildFile; fileRef = D1E2F3A4B5C6D7E8F9A0B1C2 /* NSDServiceBrowserDelegate.swift */; };
		ECD49E228929C9A0579CD4B6 /* JoinerManualEntryView.swift in Sources */ = {isa = PBXBuildFile; fileRef = AA7E4CACAB54D6C67E5A0513 /* JoinerManualEntryView.swift */; };
		F00D43E89878B150B417D3AE /* CameraView.swift in Sources */ = {isa = PBXBuildFile; fileRef = 9FEC9F87CC1BA3D6DC8C1591 /* CameraView.swift */; };
		F08DE00481B2E72D787B4817 /* Player.swift in Sources */ = {isa = PBXBuildFile; fileRef = E9AB39A036DB952613ECC34D /* Player.swift */; };
		F63F32EF1FB500D72CCC5249 /* ShareGameSheet.swift in Sources */ = {isa = PBXBuildFile; fileRef = 8F4425A4CF888AC6E5A117D5 /* ShareGameSheet.swift */; };
		F6B19377B6F1FA7D7EC5F67A /* ScoreCardTable.swift in Sources */ = {isa = PBXBuildFile; fileRef = 6CAFA7CA9F436472DD11465E /* ScoreCardTable.swift */; };
		FAFF3CD29022C1E51414A97A /* DataStore.swift in Sources */ = {isa = PBXBuildFile; fileRef = ED64A16FE8E809AB51B69608 /* DataStore.swift */; };
		FC07BEAD09E99986EAB3855D /* Scoring.swift in Sources */ = {isa = PBXBuildFile; fileRef = BFD9B51499AFAD35490FC4F4 /* Scoring.swift */; };
		FDFF1A72F1F584C02AB0C599 /* SnapshotBuilder.swift in Sources */ = {isa = PBXBuildFile; fileRef = B1A47AAF55C9B6293CA2D36B /* SnapshotBuilder.swift */; };
/* End PBXBuildFile section */

/* Begin PBXContainerItemProxy section */
		B4C444E599D44725C3B5CFF5 /* PBXContainerItemProxy */ = {
			isa = PBXContainerItemProxy;
			containerPortal = F2E9657EB103CE6B13B9C0E3 /* Project object */;
			proxyType = 1;
			remoteGlobalIDString = BC802FB1540BE389F5AD5579;
			remoteInfo = MexicanTrain;
		};
/* End PBXContainerItemProxy section */

/* Begin PBXFileReference section */
		00C60CDE91D787A92EFB1B8C /* JoinedGameRecord.swift */ = {isa = PBXFileReference; lastKnownFileType = sourcecode.swift; path = JoinedGameRecord.swift; sourceTree = "<group>"; };
		0F414C277FBA017569BC6BD3 /* SPECIALELITE_LICENSE.txt */ = {isa = PBXFileReference; lastKnownFileType = text; path = SPECIALELITE_LICENSE.txt; sourceTree = "<group>"; };
		0F64B0C76528878FE0A2C6A7 /* GameReportTests.swift */ = {isa = PBXFileReference; lastKnownFileType = sourcecode.swift; path = GameReportTests.swift; sourceTree = "<group>"; };
		1313CE27C42B3D4C9091ECD7 /* PhotoStoreTests.swift */ = {isa = PBXFileReference; lastKnownFileType = sourcecode.swift; path = PhotoStoreTests.swift; sourceTree = "<group>"; };
		15BBA822DEFF1A0EBDD57D43 /* QRCodeView.swift */ = {isa = PBXFileReference; lastKnownFileType = sourcecode.swift; path = QRCodeView.swift; sourceTree = "<group>"; };
		177FA83BBBF9C017F000FDB6 /* SmokeTests.swift */ = {isa = PBXFileReference; lastKnownFileType = sourcecode.swift; path = SmokeTests.swift; sourceTree = "<group>"; };
		18A5654F25B833FD63F4C810 /* TrainingDataExporter.swift */ = {isa = PBXFileReference; lastKnownFileType = sourcecode.swift; path = TrainingDataExporter.swift; sourceTree = "<group>"; };
		1909638E586E63EAC40D29CB /* Capture.swift */ = {isa = PBXFileReference; lastKnownFileType = sourcecode.swift; path = Capture.swift; sourceTree = "<group>"; };
		1B5E22C6516B777F65955FF3 /* CameraCapture.swift */ = {isa = PBXFileReference; lastKnownFileType = sourcecode.swift; path = CameraCapture.swift; sourceTree = "<group>"; };
		1B9A4193B21C06D661BF2CA9 /* AppCoordinator.swift */ = {isa = PBXFileReference; lastKnownFileType = sourcecode.swift; path = AppCoordinator.swift; sourceTree = "<group>"; };
		1BCDAAA79530D46CE780CC99 /* TrainColorPicker.swift */ = {isa = PBXFileReference; lastKnownFileType = sourcecode.swift; path = TrainColorPicker.swift; sourceTree = "<group>"; };
		2536E80A737596986DC0F7B2 /* Info.plist */ = {isa = PBXFileReference; lastKnownFileType = text.plist; path = Info.plist; sourceTree = "<group>"; };
		286051517F5CA4E76255B152 /* GamePersistence.swift */ = {isa = PBXFileReference; lastKnownFileType = sourcecode.swift; path = GamePersistence.swift; sourceTree = "<group>"; };
		286481A34B486537C6B60048 /* AppButtonStyles.swift */ = {isa = PBXFileReference; lastKnownFileType = sourcecode.swift; path = AppButtonStyles.swift; sourceTree = "<group>"; };
		2C292F231F8E709D3099A557 /* JoinerCameraView.swift */ = {isa = PBXFileReference; lastKnownFileType = sourcecode.swift; path = JoinerCameraView.swift; sourceTree = "<group>"; };
		2FD5D56211BE592BA9EB0BD2 /* SwipeToDelete.swift */ = {isa = PBXFileReference; lastKnownFileType = sourcecode.swift; path = SwipeToDelete.swift; sourceTree = "<group>"; };
		32F4F6F16E67BDE262310C51 /* DebugRoute.swift */ = {isa = PBXFileReference; lastKnownFileType = sourcecode.swift; path = DebugRoute.swift; sourceTree = "<group>"; };
		3417DB8F4D21EDCC0E21D55A /* ManualEntryView.swift */ = {isa = PBXFileReference; lastKnownFileType = sourcecode.swift; path = ManualEntryView.swift; sourceTree = "<group>"; };
		35F3A86B6F9673693E57862C /* KeypadView.swift */ = {isa = PBXFileReference; lastKnownFileType = sourcecode.swift; path = KeypadView.swift; sourceTree = "<group>"; };
		397E95125541F344710C8D86 /* JoinedGamePersistenceTests.swift */ = {isa = PBXFileReference; lastKnownFileType = sourcecode.swift; path = JoinedGamePersistenceTests.swift; sourceTree = "<group>"; };
		43064972E98269C5B1F51EB3 /* VisionPipCounter.swift */ = {isa = PBXFileReference; lastKnownFileType = sourcecode.swift; path = VisionPipCounter.swift; sourceTree = "<group>"; };
		47FA9FF5417F48B7933037A6 /* DeviceIdentity.swift */ = {isa = PBXFileReference; lastKnownFileType = sourcecode.swift; path = DeviceIdentity.swift; sourceTree = "<group>"; };
		4E2A6129D86D73739A4EC244 /* AppSettings.swift */ = {isa = PBXFileReference; lastKnownFileType = sourcecode.swift; path = AppSettings.swift; sourceTree = "<group>"; };
		4ED1FD058A586471963373EC /* AppHeaderBar.swift */ = {isa = PBXFileReference; lastKnownFileType = sourcecode.swift; path = AppHeaderBar.swift; sourceTree = "<group>"; };
		4F46A8DC2126AF95B10C13E9 /* ThemeEnvironment.swift */ = {isa = PBXFileReference; lastKnownFileType = sourcecode.swift; path = ThemeEnvironment.swift; sourceTree = "<group>"; };
		51C131F6EE22DD92F7F72952 /* ConfettiView.swift */ = {isa = PBXFileReference; lastKnownFileType = sourcecode.swift; path = ConfettiView.swift; sourceTree = "<group>"; };
		5921690E22278A61B30EDB6F /* NetworkingTests.swift */ = {isa = PBXFileReference; lastKnownFileType = sourcecode.swift; path = NetworkingTests.swift; sourceTree = "<group>"; };
		5CF59D159320A4BBF72B4AF5 /* WinnerCard.swift */ = {isa = PBXFileReference; lastKnownFileType = sourcecode.swift; path = WinnerCard.swift; sourceTree = "<group>"; };
		5FE52AC59F45C3D8841AF4A3 /* HostBroadcaster.swift */ = {isa = PBXFileReference; lastKnownFileType = sourcecode.swift; path = HostBroadcaster.swift; sourceTree = "<group>"; };
		6054B35D609ADA3583F26F61 /* MODEL_CONTRACT.md */ = {isa = PBXFileReference; lastKnownFileType = net.daringfireball.markdown; path = MODEL_CONTRACT.md; sourceTree = "<group>"; };
		61D9FF2F419D8FBF5319E556 /* JoinedGamePersistence.swift */ = {isa = PBXFileReference; lastKnownFileType = sourcecode.swift; path = JoinedGamePersistence.swift; sourceTree = "<group>"; };
		6673767DB628D0C366BDDE8C /* DetectionOverlay.swift */ = {isa = PBXFileReference; lastKnownFileType = sourcecode.swift; path = DetectionOverlay.swift; sourceTree = "<group>"; };
		6909D9519FCD9433CDE46344 /* PhotoStore.swift */ = {isa = PBXFileReference; lastKnownFileType = sourcecode.swift; path = PhotoStore.swift; sourceTree = "<group>"; };
		6A397F54474BA553D0CCD821 /* HomeView.swift */ = {isa = PBXFileReference; lastKnownFileType = sourcecode.swift; path = HomeView.swift; sourceTree = "<group>"; };
		6CAFA7CA9F436472DD11465E /* ScoreCardTable.swift */ = {isa = PBXFileReference; lastKnownFileType = sourcecode.swift; path = ScoreCardTable.swift; sourceTree = "<group>"; };
		6E99B05150FB74E0702C8EE1 /* PhotoGalleryStrip.swift */ = {isa = PBXFileReference; lastKnownFileType = sourcecode.swift; path = PhotoGalleryStrip.swift; sourceTree = "<group>"; };
		725441B21444BDA5EFF7B758 /* JoinSheet.swift */ = {isa = PBXFileReference; lastKnownFileType = sourcecode.swift; path = JoinSheet.swift; sourceTree = "<group>"; };
		7314EF58B8DDAA5F01B25695 /* MexicanTrainApp.swift */ = {isa = PBXFileReference; lastKnownFileType = sourcecode.swift; path = MexicanTrainApp.swift; sourceTree = "<group>"; };
		775F7791CC46A315600EC49F /* MexicanTrain.app */ = {isa = PBXFileReference; includeInIndex = 0; lastKnownFileType = wrapper.application; path = MexicanTrain.app; sourceTree = BUILT_PRODUCTS_DIR; };
		79C6904F8700EFE698F3A7F5 /* Score.swift */ = {isa = PBXFileReference; lastKnownFileType = sourcecode.swift; path = Score.swift; sourceTree = "<group>"; };
		7CACA22D3CDA3F21AE328D14 /* JoinedGameView.swift */ = {isa = PBXFileReference; lastKnownFileType = sourcecode.swift; path = JoinedGameView.swift; sourceTree = "<group>"; };
		7E747CB2D4D49CBE4BE654AC /* ScoreboardView.swift */ = {isa = PBXFileReference; lastKnownFileType = sourcecode.swift; path = ScoreboardView.swift; sourceTree = "<group>"; };
		852F707BAAB6ED4AAAEC835C /* SpecialElite-Regular.ttf */ = {isa = PBXFileReference; lastKnownFileType = file; path = "SpecialElite-Regular.ttf"; sourceTree = "<group>"; };
		8969B81A3C44EC44ED0EF361 /* JoinURL.swift */ = {isa = PBXFileReference; lastKnownFileType = sourcecode.swift; path = JoinURL.swift; sourceTree = "<group>"; };
		8E19211EF81A035ABCC855A2 /* VisionPipCounterTests.swift */ = {isa = PBXFileReference; lastKnownFileType = sourcecode.swift; path = VisionPipCounterTests.swift; sourceTree = "<group>"; };
		8E6C3D83FDA6BFD33FD4E789 /* Rye-Regular.ttf */ = {isa = PBXFileReference; lastKnownFileType = file; path = "Rye-Regular.ttf"; sourceTree = "<group>"; };
		8E6C8061340973B8B5829D26 /* SettingsView.swift */ = {isa = PBXFileReference; lastKnownFileType = sourcecode.swift; path = SettingsView.swift; sourceTree = "<group>"; };
		8F4425A4CF888AC6E5A117D5 /* ShareGameSheet.swift */ = {isa = PBXFileReference; lastKnownFileType = sourcecode.swift; path = ShareGameSheet.swift; sourceTree = "<group>"; };
		91B36C4A7287D64656A09745 /* QRScannerView.swift */ = {isa = PBXFileReference; lastKnownFileType = sourcecode.swift; path = QRScannerView.swift; sourceTree = "<group>"; };
		9336EE4460AF5E95EB005566 /* SpectatorView.swift */ = {isa = PBXFileReference; lastKnownFileType = sourcecode.swift; path = SpectatorView.swift; sourceTree = "<group>"; };
		94C780E442BA7C160205C25C /* HouseRules.swift */ = {isa = PBXFileReference; lastKnownFileType = sourcecode.swift; path = HouseRules.swift; sourceTree = "<group>"; };
		9CD9E75B2B0471B31643E977 /* MockPipCounter.swift */ = {isa = PBXFileReference; lastKnownFileType = sourcecode.swift; path = MockPipCounter.swift; sourceTree = "<group>"; };
		9FEC9F87CC1BA3D6DC8C1591 /* CameraView.swift */ = {isa = PBXFileReference; lastKnownFileType = sourcecode.swift; path = CameraView.swift; sourceTree = "<group>"; };
		AA7E4CACAB54D6C67E5A0513 /* JoinerManualEntryView.swift */ = {isa = PBXFileReference; lastKnownFileType = sourcecode.swift; path = JoinerManualEntryView.swift; sourceTree = "<group>"; };
		AA807E9299164F22763804CF /* EditableDetectionOverlay.swift */ = {isa = PBXFileReference; lastKnownFileType = sourcecode.swift; path = EditableDetectionOverlay.swift; sourceTree = "<group>"; };
		AD50C405815876BBCE06F57A /* AuditView.swift */ = {isa = PBXFileReference; lastKnownFileType = sourcecode.swift; path = AuditView.swift; sourceTree = "<group>"; };
		B1A47AAF55C9B6293CA2D36B /* SnapshotBuilder.swift */ = {isa = PBXFileReference; lastKnownFileType = sourcecode.swift; path = SnapshotBuilder.swift; sourceTree = "<group>"; };
		B349A99B53A4356034456F37 /* ScoringTests.swift */ = {isa = PBXFileReference; lastKnownFileType = sourcecode.swift; path = ScoringTests.swift; sourceTree = "<group>"; };
		B6A39CF4E85F2D8F538120B4 /* NewGameView.swift */ = {isa = PBXFileReference; lastKnownFileType = sourcecode.swift; path = NewGameView.swift; sourceTree = "<group>"; };
		B6A747FC868B6580A9F01237 /* RoomCode.swift */ = {isa = PBXFileReference; lastKnownFileType = sourcecode.swift; path = RoomCode.swift; sourceTree = "<group>"; };
		B84B0DDE80AB3C299FAF24F5 /* .gitkeep */ = {isa = PBXFileReference; path = .gitkeep; sourceTree = "<group>"; };
		B8DBCD40962C2D7D38EF7B7E /* CapturePersistence.swift */ = {isa = PBXFileReference; lastKnownFileType = sourcecode.swift; path = CapturePersistence.swift; sourceTree = "<group>"; };
		BA5BA2BB5E726C1BE0DCC335 /* EndToEndFlowTests.swift */ = {isa = PBXFileReference; lastKnownFileType = sourcecode.swift; path = EndToEndFlowTests.swift; sourceTree = "<group>"; };
		BFD9B51499AFAD35490FC4F4 /* Scoring.swift */ = {isa = PBXFileReference; lastKnownFileType = sourcecode.swift; path = Scoring.swift; sourceTree = "<group>"; };
		C1D699D15E7EF75F449B6AC5 /* GameReport.swift */ = {isa = PBXFileReference; lastKnownFileType = sourcecode.swift; path = GameReport.swift; sourceTree = "<group>"; };
		C213CD19D031BEB200E5703D /* DominoGlyph.swift */ = {isa = PBXFileReference; lastKnownFileType = sourcecode.swift; path = DominoGlyph.swift; sourceTree = "<group>"; };
		C3ED41C35BD47CF4FF38E035 /* PipCounter.swift */ = {isa = PBXFileReference; lastKnownFileType = sourcecode.swift; path = PipCounter.swift; sourceTree = "<group>"; };
		CD56E9F2413E34227D224E51 /* Fonts.swift */ = {isa = PBXFileReference; lastKnownFileType = sourcecode.swift; path = Fonts.swift; sourceTree = "<group>"; };
		CEF7A1974A3F7463A44E9D13 /* DebugSeed.swift */ = {isa = PBXFileReference; lastKnownFileType = sourcecode.swift; path = DebugSeed.swift; sourceTree = "<group>"; };
		D1684BD9259826B81E131C16 /* RYE_OFL.txt */ = {isa = PBXFileReference; lastKnownFileType = text; path = RYE_OFL.txt; sourceTree = "<group>"; };
		D488EEA6C81BAFECD3BD734F /* Theme.swift */ = {isa = PBXFileReference; lastKnownFileType = sourcecode.swift; path = Theme.swift; sourceTree = "<group>"; };
		D934B1AD918B56456D2121F6 /* MexicanTrainTests.xctest */ = {isa = PBXFileReference; includeInIndex = 0; lastKnownFileType = wrapper.cfbundle; path = MexicanTrainTests.xctest; sourceTree = BUILT_PRODUCTS_DIR; };
		DAB2D81705B411EFDDAA0C9B /* TileObservation.swift */ = {isa = PBXFileReference; lastKnownFileType = sourcecode.swift; path = TileObservation.swift; sourceTree = "<group>"; };
		DCBDBEDA3A3696980758CA16 /* LICENSE.fonts.txt */ = {isa = PBXFileReference; lastKnownFileType = text; path = LICENSE.fonts.txt; sourceTree = "<group>"; };
		DD448005F7BE93B07B0B2814 /* DominoDetector.mlpackage */ = {isa = PBXFileReference; path = DominoDetector.mlpackage; sourceTree = "<group>"; };
		E10604A76B6860DFE12B0213 /* MexTrainNetSession.swift */ = {isa = PBXFileReference; lastKnownFileType = sourcecode.swift; path = MexTrainNetSession.swift; sourceTree = "<group>"; };
		C9E25E8C4E83D2A07682AB3C /* TCPBridge.swift */ = {isa = PBXFileReference; lastKnownFileType = sourcecode.swift; path = TCPBridge.swift; sourceTree = "<group>"; };
		D1E2F3A4B5C6D7E8F9A0B1C2 /* NSDServiceBrowserDelegate.swift */ = {isa = PBXFileReference; lastKnownFileType = sourcecode.swift; path = NSDServiceBrowserDelegate.swift; sourceTree = "<group>"; };
		E8E662B62C184EF266FECD74 /* Assets.xcassets */ = {isa = PBXFileReference; lastKnownFileType = folder.assetcatalog; path = Assets.xcassets; sourceTree = "<group>"; };
		E9AB39A036DB952613ECC34D /* Player.swift */ = {isa = PBXFileReference; lastKnownFileType = sourcecode.swift; path = Player.swift; sourceTree = "<group>"; };
		ED64A16FE8E809AB51B69608 /* DataStore.swift */ = {isa = PBXFileReference; lastKnownFileType = sourcecode.swift; path = DataStore.swift; sourceTree = "<group>"; };
		EE2638269AF10CA0C3EE5C54 /* PipCounterFactory.swift */ = {isa = PBXFileReference; lastKnownFileType = sourcecode.swift; path = PipCounterFactory.swift; sourceTree = "<group>"; };
		F03B3E7756576BB27BC3D3DF /* TrainingDataExporterTests.swift */ = {isa = PBXFileReference; lastKnownFileType = sourcecode.swift; path = TrainingDataExporterTests.swift; sourceTree = "<group>"; };
		F416DCFCC6FDDF33431E57D8 /* GameSnapshot.swift */ = {isa = PBXFileReference; lastKnownFileType = sourcecode.swift; path = GameSnapshot.swift; sourceTree = "<group>"; };
		F4F4F713E996CB0B193C43B5 /* EndGameView.swift */ = {isa = PBXFileReference; lastKnownFileType = sourcecode.swift; path = EndGameView.swift; sourceTree = "<group>"; };
		FF98A4AAF7AB5423C9330302 /* Game.swift */ = {isa = PBXFileReference; lastKnownFileType = sourcecode.swift; path = Game.swift; sourceTree = "<group>"; };
/* End PBXFileReference section */

/* Begin PBXGroup section */
		10A903A80E2401AA6590AA5A = {
			isa = PBXGroup;
			children = (
				C9EAEEB4D1DED23EEB9BA6A9 /* MexicanTrain */,
				A80E9CECF0AD47E7666F63AE /* MexicanTrainTests */,
				BFF6C518565A6FADE977B543 /* Products */,
			);
			sourceTree = "<group>";
		};
		16CC2CD68BCB6E2FEFBC888D /* Resources */ = {
			isa = PBXGroup;
			children = (
				E8E662B62C184EF266FECD74 /* Assets.xcassets */,
				2536E80A737596986DC0F7B2 /* Info.plist */,
				E4CC89D7EFFFF72519D5CEF6 /* Fonts */,
			);
			path = Resources;
			sourceTree = "<group>";
		};
		171D66FBDEB9FE89D521CF9B /* Components */ = {
			isa = PBXGroup;
			children = (
				286481A34B486537C6B60048 /* AppButtonStyles.swift */,
				4ED1FD058A586471963373EC /* AppHeaderBar.swift */,
				51C131F6EE22DD92F7F72952 /* ConfettiView.swift */,
				6673767DB628D0C366BDDE8C /* DetectionOverlay.swift */,
				C213CD19D031BEB200E5703D /* DominoGlyph.swift */,
				AA807E9299164F22763804CF /* EditableDetectionOverlay.swift */,
				35F3A86B6F9673693E57862C /* KeypadView.swift */,
				15BBA822DEFF1A0EBDD57D43 /* QRCodeView.swift */,
				2FD5D56211BE592BA9EB0BD2 /* SwipeToDelete.swift */,
				1BCDAAA79530D46CE780CC99 /* TrainColorPicker.swift */,
			);
			path = Components;
			sourceTree = "<group>";
		};
		2E6D7251EE396ACB30FE0DB6 /* Networking */ = {
			isa = PBXGroup;
			children = (
				F416DCFCC6FDDF33431E57D8 /* GameSnapshot.swift */,
				5FE52AC59F45C3D8841AF4A3 /* HostBroadcaster.swift */,
				8969B81A3C44EC44ED0EF361 /* JoinURL.swift */,
				E10604A76B6860DFE12B0213 /* MexTrainNetSession.swift */,
				B6A747FC868B6580A9F01237 /* RoomCode.swift */,
				B1A47AAF55C9B6293CA2D36B /* SnapshotBuilder.swift */,
				C9E25E8C4E83D2A07682AB3C /* TCPBridge.swift */,
				D1E2F3A4B5C6D7E8F9A0B1C2 /* NSDServiceBrowserDelegate.swift */,
			);
			path = Networking;
			sourceTree = "<group>";
		};
		345C7A64DDC8479E67C85E19 /* EndGame */ = {
			isa = PBXGroup;
			children = (
				F4F4F713E996CB0B193C43B5 /* EndGameView.swift */,
				5CF59D159320A4BBF72B4AF5 /* WinnerCard.swift */,
			);
			path = EndGame;
			sourceTree = "<group>";
		};
		36D83F6312459BF30EC8EEAA /* Identity */ = {
			isa = PBXGroup;
			children = (
				47FA9FF5417F48B7933037A6 /* DeviceIdentity.swift */,
			);
			path = Identity;
			sourceTree = "<group>";
		};
		39308669D2D1E094A7363839 /* App */ = {
			isa = PBXGroup;
			children = (
				1B9A4193B21C06D661BF2CA9 /* AppCoordinator.swift */,
				32F4F6F16E67BDE262310C51 /* DebugRoute.swift */,
				CEF7A1974A3F7463A44E9D13 /* DebugSeed.swift */,
				7314EF58B8DDAA5F01B25695 /* MexicanTrainApp.swift */,
			);
			path = App;
			sourceTree = "<group>";
		};
		4831E9C2D5D304F78F12AE8C /* Features */ = {
			isa = PBXGroup;
			children = (
				FDFDE48374274D252036B181 /* Audit */,
				F6AC4B25EDC72D22C903768A /* Broadcast */,
				D0FAA005FF24830397AAAC04 /* Camera */,
				345C7A64DDC8479E67C85E19 /* EndGame */,
				998721382D76731961147A7D /* Home */,
				B0ED9242FB7D48DA76A7E136 /* Manual */,
				6DBA31D9B1660A941D9342B5 /* NewGame */,
				99F196D2B3F006E5ABC280E5 /* Scoreboard */,
				9B36496AEAAED47616CB36A5 /* Settings */,
			);
			path = Features;
			sourceTree = "<group>";
		};
		5CC09C1BDC9F94ED24FCAD38 /* Models */ = {
			isa = PBXGroup;
			children = (
				1909638E586E63EAC40D29CB /* Capture.swift */,
				FF98A4AAF7AB5423C9330302 /* Game.swift */,
				C1D699D15E7EF75F449B6AC5 /* GameReport.swift */,
				94C780E442BA7C160205C25C /* HouseRules.swift */,
				00C60CDE91D787A92EFB1B8C /* JoinedGameRecord.swift */,
				E9AB39A036DB952613ECC34D /* Player.swift */,
				79C6904F8700EFE698F3A7F5 /* Score.swift */,
				BFD9B51499AFAD35490FC4F4 /* Scoring.swift */,
				DAB2D81705B411EFDDAA0C9B /* TileObservation.swift */,
			);
			path = Models;
			sourceTree = "<group>";
		};
		6DBA31D9B1660A941D9342B5 /* NewGame */ = {
			isa = PBXGroup;
			children = (
				B6A39CF4E85F2D8F538120B4 /* NewGameView.swift */,
			);
			path = NewGame;
			sourceTree = "<group>";
		};
		6F0CE8F60D26177E35B5730F /* Theme */ = {
			isa = PBXGroup;
			children = (
				CD56E9F2413E34227D224E51 /* Fonts.swift */,
				D488EEA6C81BAFECD3BD734F /* Theme.swift */,
				4F46A8DC2126AF95B10C13E9 /* ThemeEnvironment.swift */,
			);
			path = Theme;
			sourceTree = "<group>";
		};
		998721382D76731961147A7D /* Home */ = {
			isa = PBXGroup;
			children = (
				6A397F54474BA553D0CCD821 /* HomeView.swift */,
				7CACA22D3CDA3F21AE328D14 /* JoinedGameView.swift */,
			);
			path = Home;
			sourceTree = "<group>";
		};
		99F196D2B3F006E5ABC280E5 /* Scoreboard */ = {
			isa = PBXGroup;
			children = (
				6E99B05150FB74E0702C8EE1 /* PhotoGalleryStrip.swift */,
				7E747CB2D4D49CBE4BE654AC /* ScoreboardView.swift */,
				6CAFA7CA9F436472DD11465E /* ScoreCardTable.swift */,
			);
			path = Scoreboard;
			sourceTree = "<group>";
		};
		9B36496AEAAED47616CB36A5 /* Settings */ = {
			isa = PBXGroup;
			children = (
				8E6C8061340973B8B5829D26 /* SettingsView.swift */,
			);
			path = Settings;
			sourceTree = "<group>";
		};
		A19AAD9DE3846C649351B74E /* Vision */ = {
			isa = PBXGroup;
			children = (
				DD448005F7BE93B07B0B2814 /* DominoDetector.mlpackage */,
				9CD9E75B2B0471B31643E977 /* MockPipCounter.swift */,
				6054B35D609ADA3583F26F61 /* MODEL_CONTRACT.md */,
				C3ED41C35BD47CF4FF38E035 /* PipCounter.swift */,
				EE2638269AF10CA0C3EE5C54 /* PipCounterFactory.swift */,
				43064972E98269C5B1F51EB3 /* VisionPipCounter.swift */,
			);
			path = Vision;
			sourceTree = "<group>";
		};
		A80E9CECF0AD47E7666F63AE /* MexicanTrainTests */ = {
			isa = PBXGroup;
			children = (
				BA5BA2BB5E726C1BE0DCC335 /* EndToEndFlowTests.swift */,
				0F64B0C76528878FE0A2C6A7 /* GameReportTests.swift */,
				397E95125541F344710C8D86 /* JoinedGamePersistenceTests.swift */,
				5921690E22278A61B30EDB6F /* NetworkingTests.swift */,
				1313CE27C42B3D4C9091ECD7 /* PhotoStoreTests.swift */,
				B349A99B53A4356034456F37 /* ScoringTests.swift */,
				177FA83BBBF9C017F000FDB6 /* SmokeTests.swift */,
				F03B3E7756576BB27BC3D3DF /* TrainingDataExporterTests.swift */,
				8E19211EF81A035ABCC855A2 /* VisionPipCounterTests.swift */,
			);
			path = MexicanTrainTests;
			sourceTree = "<group>";
		};
		B0ED9242FB7D48DA76A7E136 /* Manual */ = {
			isa = PBXGroup;
			children = (
				3417DB8F4D21EDCC0E21D55A /* ManualEntryView.swift */,
			);
			path = Manual;
			sourceTree = "<group>";
		};
		BFF6C518565A6FADE977B543 /* Products */ = {
			isa = PBXGroup;
			children = (
				775F7791CC46A315600EC49F /* MexicanTrain.app */,
				D934B1AD918B56456D2121F6 /* MexicanTrainTests.xctest */,
			);
			name = Products;
			sourceTree = "<group>";
		};
		C9EAEEB4D1DED23EEB9BA6A9 /* MexicanTrain */ = {
			isa = PBXGroup;
			children = (
				39308669D2D1E094A7363839 /* App */,
				171D66FBDEB9FE89D521CF9B /* Components */,
				4831E9C2D5D304F78F12AE8C /* Features */,
				36D83F6312459BF30EC8EEAA /* Identity */,
				5CC09C1BDC9F94ED24FCAD38 /* Models */,
				2E6D7251EE396ACB30FE0DB6 /* Networking */,
				D7373EABC046CCDE12F9A8FD /* Persistence */,
				16CC2CD68BCB6E2FEFBC888D /* Resources */,
				6F0CE8F60D26177E35B5730F /* Theme */,
				A19AAD9DE3846C649351B74E /* Vision */,
			);
			path = MexicanTrain;
			sourceTree = "<group>";
		};
		D0FAA005FF24830397AAAC04 /* Camera */ = {
			isa = PBXGroup;
			children = (
				1B5E22C6516B777F65955FF3 /* CameraCapture.swift */,
				9FEC9F87CC1BA3D6DC8C1591 /* CameraView.swift */,
			);
			path = Camera;
			sourceTree = "<group>";
		};
		D7373EABC046CCDE12F9A8FD /* Persistence */ = {
			isa = PBXGroup;
			children = (
				4E2A6129D86D73739A4EC244 /* AppSettings.swift */,
				B8DBCD40962C2D7D38EF7B7E /* CapturePersistence.swift */,
				ED64A16FE8E809AB51B69608 /* DataStore.swift */,
				286051517F5CA4E76255B152 /* GamePersistence.swift */,
				61D9FF2F419D8FBF5319E556 /* JoinedGamePersistence.swift */,
				6909D9519FCD9433CDE46344 /* PhotoStore.swift */,
				18A5654F25B833FD63F4C810 /* TrainingDataExporter.swift */,
			);
			path = Persistence;
			sourceTree = "<group>";
		};
		E4CC89D7EFFFF72519D5CEF6 /* Fonts */ = {
			isa = PBXGroup;
			children = (
				B84B0DDE80AB3C299FAF24F5 /* .gitkeep */,
				DCBDBEDA3A3696980758CA16 /* LICENSE.fonts.txt */,
				D1684BD9259826B81E131C16 /* RYE_OFL.txt */,
				8E6C3D83FDA6BFD33FD4E789 /* Rye-Regular.ttf */,
				0F414C277FBA017569BC6BD3 /* SPECIALELITE_LICENSE.txt */,
				852F707BAAB6ED4AAAEC835C /* SpecialElite-Regular.ttf */,
			);
			path = Fonts;
			sourceTree = "<group>";
		};
		F6AC4B25EDC72D22C903768A /* Broadcast */ = {
			isa = PBXGroup;
			children = (
				2C292F231F8E709D3099A557 /* JoinerCameraView.swift */,
				AA7E4CACAB54D6C67E5A0513 /* JoinerManualEntryView.swift */,
				725441B21444BDA5EFF7B758 /* JoinSheet.swift */,
				91B36C4A7287D64656A09745 /* QRScannerView.swift */,
				8F4425A4CF888AC6E5A117D5 /* ShareGameSheet.swift */,
				9336EE4460AF5E95EB005566 /* SpectatorView.swift */,
			);
			path = Broadcast;
			sourceTree = "<group>";
		};
		FDFDE48374274D252036B181 /* Audit */ = {
			isa = PBXGroup;
			children = (
				AD50C405815876BBCE06F57A /* AuditView.swift */,
			);
			path = Audit;
			sourceTree = "<group>";
		};
/* End PBXGroup section */

/* Begin PBXNativeTarget section */
		BC802FB1540BE389F5AD5579 /* MexicanTrain */ = {
			isa = PBXNativeTarget;
			buildConfigurationList = 78DA143C789D664F2F1FD16A /* Build configuration list for PBXNativeTarget "MexicanTrain" */;
			buildPhases = (
				5B8F754696435994DBD4778C /* Sources */,
				3E2B6409452C9CBBA30E3867 /* Resources */,
			);
			buildRules = (
			);
			dependencies = (
			);
			name = MexicanTrain;
			packageProductDependencies = (
			);
			productName = MexicanTrain;
			productReference = 775F7791CC46A315600EC49F /* MexicanTrain.app */;
			productType = "com.apple.product-type.application";
		};
		C26EF8769A66F605822E39A8 /* MexicanTrainTests */ = {
			isa = PBXNativeTarget;
			buildConfigurationList = BC158C0823F44675A0F70DAD /* Build configuration list for PBXNativeTarget "MexicanTrainTests" */;
			buildPhases = (
				D4479873F9227188330D2043 /* Sources */,
			);
			buildRules = (
			);
			dependencies = (
				B956AAA3C91ACDEB673A94FD /* PBXTargetDependency */,
			);
			name = MexicanTrainTests;
			packageProductDependencies = (
			);
			productName = MexicanTrainTests;
			productReference = D934B1AD918B56456D2121F6 /* MexicanTrainTests.xctest */;
			productType = "com.apple.product-type.bundle.unit-test";
		};
/* End PBXNativeTarget section */

/* Begin PBXProject section */
		F2E9657EB103CE6B13B9C0E3 /* Project object */ = {
			isa = PBXProject;
			attributes = {
				BuildIndependentTargetsInParallel = YES;
				LastUpgradeCheck = 1430;
				TargetAttributes = {
				};
			};
			buildConfigurationList = 4BABB9B003D7652C5CC1FA26 /* Build configuration list for PBXProject "MexicanTrain" */;
			developmentRegion = en;
			hasScannedForEncodings = 0;
			knownRegions = (
				Base,
				en,
			);
			mainGroup = 10A903A80E2401AA6590AA5A;
			minimizedProjectReferenceProxies = 1;
			preferredProjectObjectVersion = 77;
			productRefGroup = BFF6C518565A6FADE977B543 /* Products */;
			projectDirPath = "";
			projectRoot = "";
			targets = (
				BC802FB1540BE389F5AD5579 /* MexicanTrain */,
				C26EF8769A66F605822E39A8 /* MexicanTrainTests */,
			);
		};
/* End PBXProject section */

/* Begin PBXResourcesBuildPhase section */
		3E2B6409452C9CBBA30E3867 /* Resources */ = {
			isa = PBXResourcesBuildPhase;
			buildActionMask = 2147483647;
			files = (
				4DB8B93338827A63B799A283 /* Assets.xcassets in Resources */,
				876B067F7E25B5A626903C10 /* LICENSE.fonts.txt in Resources */,
				B1AD4AF6ED26046ACED287AF /* MODEL_CONTRACT.md in Resources */,
				01A2C76A4003DCC5A108D31A /* RYE_OFL.txt in Resources */,
				51AAC8CC3FEC9BE77671B2C4 /* Rye-Regular.ttf in Resources */,
				D4D3EDABF92C926841001AE8 /* SPECIALELITE_LICENSE.txt in Resources */,
				AC684C06A4D0EB5318C50470 /* SpecialElite-Regular.ttf in Resources */,
			);
			runOnlyForDeploymentPostprocessing = 0;
		};
/* End PBXResourcesBuildPhase section */

/* Begin PBXSourcesBuildPhase section */
		5B8F754696435994DBD4778C /* Sources */ = {
			isa = PBXSourcesBuildPhase;
			buildActionMask = 2147483647;
			files = (
				20520AFA3270454FB374EC86 /* AppButtonStyles.swift in Sources */,
				62CE0725798999A1C54CA29E /* AppCoordinator.swift in Sources */,
				2A5AA18A0AED4CA6167C0950 /* AppHeaderBar.swift in Sources */,
				214A50E90459355EA8DBFAA3 /* AppSettings.swift in Sources */,
				DC1AB8366C4ED227B9A83B6C /* AuditView.swift in Sources */,
				7B589E747D5A3BCCDE1350C2 /* CameraCapture.swift in Sources */,
				F00D43E89878B150B417D3AE /* CameraView.swift in Sources */,
				1CD7A00F57BC374BE795E4A7 /* Capture.swift in Sources */,
				C1E2FB513315694F98F7EEC1 /* CapturePersistence.swift in Sources */,
				2023EE1C32DC315D13C475BA /* ConfettiView.swift in Sources */,
				FAFF3CD29022C1E51414A97A /* DataStore.swift in Sources */,
				A0E2C6D0239E5B9803DBFBAA /* DebugRoute.swift in Sources */,
				7105FCBA9DBF6C0247C792DE /* DebugSeed.swift in Sources */,
				47F2FEC85D7E04A52739D9BC /* DetectionOverlay.swift in Sources */,
				BF43A9A96C11F4C74CC42D5A /* DeviceIdentity.swift in Sources */,
				50330676C9B0B5F496CDCD56 /* DominoDetector.mlpackage in Sources */,
				37D1DACF125479E280746A46 /* DominoGlyph.swift in Sources */,
				4386340CC293FAD080156988 /* EditableDetectionOverlay.swift in Sources */,
				A51F0BE4B7FD13F48F1F0E5D /* EndGameView.swift in Sources */,
				7D04E8EA23AAAA38E4C958C7 /* Fonts.swift in Sources */,
				7B5E2D6665BFD21569D16BDD /* Game.swift in Sources */,
				E73255F1515F1B28970B4701 /* GamePersistence.swift in Sources */,
				C263C813437C3C707A98E065 /* GameReport.swift in Sources */,
				EAC945BB099E2C0975877839 /* GameSnapshot.swift in Sources */,
				E7B795E9E7847B2ACF7EF702 /* HomeView.swift in Sources */,
				8ABB5112AE4EC5325FB167DD /* HostBroadcaster.swift in Sources */,
				23FDC767B6B3944D401F255B /* HouseRules.swift in Sources */,
				8C9E3764630E45E8FC11D42D /* JoinSheet.swift in Sources */,
				A82E05A0B3870259E211B861 /* JoinURL.swift in Sources */,
				E126D69E5456EC3D43362214 /* JoinedGamePersistence.swift in Sources */,
				2C47A0FEF3E44AE46CFB12A8 /* JoinedGameRecord.swift in Sources */,
				C8B41927A0C747F500C829E2 /* JoinedGameView.swift in Sources */,
				5B141FDEE89FEAA83D6EE339 /* JoinerCameraView.swift in Sources */,
				ECD49E228929C9A0579CD4B6 /* JoinerManualEntryView.swift in Sources */,
				804A137BBE22AF85AAE82CF8 /* KeypadView.swift in Sources */,
				BA2CB26C3F2CDAAE7F6436A8 /* ManualEntryView.swift in Sources */,
				E6478AE9AA7DD71C7A67B161 /* MexTrainNetSession.swift in Sources */,
				64FC89F80BC9B592416F17A0 /* MexicanTrainApp.swift in Sources */,
				4A8AB2EDA15EC4015CC9DAE8 /* MockPipCounter.swift in Sources */,
				CA9C11D6D188E8BDF88D5FB5 /* NewGameView.swift in Sources */,
				02616DC4D1CA26ADA22F8BB2 /* PhotoGalleryStrip.swift in Sources */,
				9A307F45D3A0C25E84C12D20 /* PhotoStore.swift in Sources */,
				43C3C3354FA8743017C46504 /* PipCounter.swift in Sources */,
				BE2726C4E02715AE9858528A /* PipCounterFactory.swift in Sources */,
				F08DE00481B2E72D787B4817 /* Player.swift in Sources */,
				D17A765FF42F1FBD05F46B86 /* QRCodeView.swift in Sources */,
				4476B342A1AB87C30153C9B3 /* QRScannerView.swift in Sources */,
				DF7F93FCBB67AB327D1108F3 /* RoomCode.swift in Sources */,
				939AEFD2B65AF8FF8F5EF299 /* Score.swift in Sources */,
				F6B19377B6F1FA7D7EC5F67A /* ScoreCardTable.swift in Sources */,
				E9C0FC056D5AB031A0062E5A /* ScoreboardView.swift in Sources */,
				FC07BEAD09E99986EAB3855D /* Scoring.swift in Sources */,
				AB260EB96112C9DBDEC1E1DE /* SettingsView.swift in Sources */,
				F63F32EF1FB500D72CCC5249 /* ShareGameSheet.swift in Sources */,
				FDFF1A72F1F584C02AB0C599 /* SnapshotBuilder.swift in Sources */,
				C1E73997A799A823C9AB45C5 /* SpectatorView.swift in Sources */,
				301E3BE57D70933A4E015915 /* TCPBridge.swift in Sources */,
				A1B2C3D4E5F6A7B8C9D0E1F2 /* NSDServiceBrowserDelegate.swift in Sources */,
				3F2509A5DF8AE904EC3A7CC4 /* SwipeToDelete.swift in Sources */,
				AFB924047FD1B565C8B3C8BD /* Theme.swift in Sources */,
				A2E8C862C7C3D2EC69B06042 /* ThemeEnvironment.swift in Sources */,
				49DE55F1BD5B0B0B8DB7BC19 /* TileObservation.swift in Sources */,
				510F9649D390F11E70C4E3C0 /* TrainColorPicker.swift in Sources */,
				B6BEB16FED36987C0D074AEB /* TrainingDataExporter.swift in Sources */,
				1562F289BDEDB82BD8CE508E /* VisionPipCounter.swift in Sources */,
				AA3F4999858275EA87D471B0 /* WinnerCard.swift in Sources */,
			);
			runOnlyForDeploymentPostprocessing = 0;
		};
		D4479873F9227188330D2043 /* Sources */ = {
			isa = PBXSourcesBuildPhase;
			buildActionMask = 2147483647;
			files = (
				138963B8F8DB38E68E3A1CD6 /* EndToEndFlowTests.swift in Sources */,
				BE893620F8EA076761186E03 /* GameReportTests.swift in Sources */,
				0B5462D0047A33B56E2349B8 /* JoinedGamePersistenceTests.swift in Sources */,
				6A31214A8EE7B7B7EE5640EC /* NetworkingTests.swift in Sources */,
				D9311021C8B41BB552A569CE /* PhotoStoreTests.swift in Sources */,
				25F31180001FAEA8BFFF7DA3 /* ScoringTests.swift in Sources */,
				80E832EBA55FB67158F54611 /* SmokeTests.swift in Sources */,
				36253401299023E5027DEEEA /* TrainingDataExporterTests.swift in Sources */,
				1F1CEA5BEDE598CEFC652482 /* VisionPipCounterTests.swift in Sources */,
			);
			runOnlyForDeploymentPostprocessing = 0;
		};
/* End PBXSourcesBuildPhase section */

/* Begin PBXTargetDependency section */
		B956AAA3C91ACDEB673A94FD /* PBXTargetDependency */ = {
			isa = PBXTargetDependency;
			target = BC802FB1540BE389F5AD5579 /* MexicanTrain */;
			targetProxy = B4C444E599D44725C3B5CFF5 /* PBXContainerItemProxy */;
		};
/* End PBXTargetDependency section */

/* Begin XCBuildConfiguration section */
		34C8A591F9BD71E355C6B4E5 /* Debug */ = {
			isa = XCBuildConfiguration;
			buildSettings = {
				ALWAYS_SEARCH_USER_PATHS = NO;
				CLANG_ANALYZER_NONNULL = YES;
				CLANG_ANALYZER_NUMBER_OBJECT_CONVERSION = YES_AGGRESSIVE;
				CLANG_CXX_LANGUAGE_STANDARD = "gnu++14";
				CLANG_CXX_LIBRARY = "libc++";
				CLANG_ENABLE_MODULES = YES;
				CLANG_ENABLE_OBJC_ARC = YES;
				CLANG_ENABLE_OBJC_WEAK = YES;
				CLANG_WARN_BLOCK_CAPTURE_AUTORELEASING = YES;
				CLANG_WARN_BOOL_CONVERSION = YES;
				CLANG_WARN_COMMA = YES;
				CLANG_WARN_CONSTANT_CONVERSION = YES;
				CLANG_WARN_DEPRECATED_OBJC_IMPLEMENTATIONS = YES;
				CLANG_WARN_DIRECT_OBJC_ISA_USAGE = YES_ERROR;
				CLANG_WARN_DOCUMENTATION_COMMENTS = YES;
				CLANG_WARN_EMPTY_BODY = YES;
				CLANG_WARN_ENUM_CONVERSION = YES;
				CLANG_WARN_INFINITE_RECURSION = YES;
				CLANG_WARN_INT_CONVERSION = YES;
				CLANG_WARN_NON_LITERAL_NULL_CONVERSION = YES;
				CLANG_WARN_OBJC_IMPLICIT_RETAIN_SELF = YES;
				CLANG_WARN_OBJC_LITERAL_CONVERSION = YES;
				CLANG_WARN_OBJC_ROOT_CLASS = YES_ERROR;
				CLANG_WARN_QUOTED_INCLUDE_IN_FRAMEWORK_HEADER = YES;
				CLANG_WARN_RANGE_LOOP_ANALYSIS = YES;
				CLANG_WARN_STRICT_PROTOTYPES = YES;
				CLANG_WARN_SUSPICIOUS_MOVE = YES;
				CLANG_WARN_UNGUARDED_AVAILABILITY = YES_AGGRESSIVE;
				CLANG_WARN_UNREACHABLE_CODE = YES;
				CLANG_WARN__DUPLICATE_METHOD_MATCH = YES;
				COPY_PHASE_STRIP = NO;
				CURRENT_PROJECT_VERSION = 1;
				DEBUG_INFORMATION_FORMAT = dwarf;
				ENABLE_STRICT_OBJC_MSGSEND = YES;
				ENABLE_TESTABILITY = YES;
				ENABLE_USER_SCRIPT_SANDBOXING = YES;
				GCC_C_LANGUAGE_STANDARD = gnu11;
				GCC_DYNAMIC_NO_PIC = NO;
				GCC_NO_COMMON_BLOCKS = YES;
				GCC_OPTIMIZATION_LEVEL = 0;
				GCC_PREPROCESSOR_DEFINITIONS = (
					"$(inherited)",
					"DEBUG=1",
				);
				GCC_WARN_64_TO_32_BIT_CONVERSION = YES;
				GCC_WARN_ABOUT_RETURN_TYPE = YES_ERROR;
				GCC_WARN_UNDECLARED_SELECTOR = YES;
				GCC_WARN_UNINITIALIZED_AUTOS = YES_AGGRESSIVE;
				GCC_WARN_UNUSED_FUNCTION = YES;
				GCC_WARN_UNUSED_VARIABLE = YES;
				GENERATE_INFOPLIST_FILE = YES;
				IPHONEOS_DEPLOYMENT_TARGET = 17.0;
				MARKETING_VERSION = 0.1;
				MTL_ENABLE_DEBUG_INFO = INCLUDE_SOURCE;
				MTL_FAST_MATH = YES;
				ONLY_ACTIVE_ARCH = YES;
				PRODUCT_NAME = "$(TARGET_NAME)";
				SDKROOT = iphoneos;
				SWIFT_ACTIVE_COMPILATION_CONDITIONS = DEBUG;
				SWIFT_OPTIMIZATION_LEVEL = "-Onone";
				SWIFT_VERSION = 5.10;
			};
			name = Debug;
		};
		67B7F5F1BB1D6FBF39AE0DCA /* Debug */ = {
			isa = XCBuildConfiguration;
			buildSettings = {
				BUNDLE_LOADER = "$(TEST_HOST)";
				LD_RUNPATH_SEARCH_PATHS = (
					"$(inherited)",
					"@executable_path/Frameworks",
					"@loader_path/Frameworks",
				);
				PRODUCT_BUNDLE_IDENTIFIER = com.kevin.mexicantrain.tests;
				SDKROOT = iphoneos;
				TARGETED_DEVICE_FAMILY = "1,2";
				TEST_HOST = "$(BUILT_PRODUCTS_DIR)/MexicanTrain.app/MexicanTrain";
			};
			name = Debug;
		};
		936A80DFF43836931D8D9206 /* Release */ = {
			isa = XCBuildConfiguration;
			buildSettings = {
				BUNDLE_LOADER = "$(TEST_HOST)";
				LD_RUNPATH_SEARCH_PATHS = (
					"$(inherited)",
					"@executable_path/Frameworks",
					"@loader_path/Frameworks",
				);
				PRODUCT_BUNDLE_IDENTIFIER = com.kevin.mexicantrain.tests;
				SDKROOT = iphoneos;
				TARGETED_DEVICE_FAMILY = "1,2";
				TEST_HOST = "$(BUILT_PRODUCTS_DIR)/MexicanTrain.app/MexicanTrain";
			};
			name = Release;
		};
		EC804D5A90151CF48D022D0B /* Release */ = {
			isa = XCBuildConfiguration;
			buildSettings = {
				ALWAYS_SEARCH_USER_PATHS = NO;
				CLANG_ANALYZER_NONNULL = YES;
				CLANG_ANALYZER_NUMBER_OBJECT_CONVERSION = YES_AGGRESSIVE;
				CLANG_CXX_LANGUAGE_STANDARD = "gnu++14";
				CLANG_CXX_LIBRARY = "libc++";
				CLANG_ENABLE_MODULES = YES;
				CLANG_ENABLE_OBJC_ARC = YES;
				CLANG_ENABLE_OBJC_WEAK = YES;
				CLANG_WARN_BLOCK_CAPTURE_AUTORELEASING = YES;
				CLANG_WARN_BOOL_CONVERSION = YES;
				CLANG_WARN_COMMA = YES;
				CLANG_WARN_CONSTANT_CONVERSION = YES;
				CLANG_WARN_DEPRECATED_OBJC_IMPLEMENTATIONS = YES;
				CLANG_WARN_DIRECT_OBJC_ISA_USAGE = YES_ERROR;
				CLANG_WARN_DOCUMENTATION_COMMENTS = YES;
				CLANG_WARN_EMPTY_BODY = YES;
				CLANG_WARN_ENUM_CONVERSION = YES;
				CLANG_WARN_INFINITE_RECURSION = YES;
				CLANG_WARN_INT_CONVERSION = YES;
				CLANG_WARN_NON_LITERAL_NULL_CONVERSION = YES;
				CLANG_WARN_OBJC_IMPLICIT_RETAIN_SELF = YES;
				CLANG_WARN_OBJC_LITERAL_CONVERSION = YES;
				CLANG_WARN_OBJC_ROOT_CLASS = YES_ERROR;
				CLANG_WARN_QUOTED_INCLUDE_IN_FRAMEWORK_HEADER = YES;
				CLANG_WARN_RANGE_LOOP_ANALYSIS = YES;
				CLANG_WARN_STRICT_PROTOTYPES = YES;
				CLANG_WARN_SUSPICIOUS_MOVE = YES;
				CLANG_WARN_UNGUARDED_AVAILABILITY = YES_AGGRESSIVE;
				CLANG_WARN_UNREACHABLE_CODE = YES;
				CLANG_WARN__DUPLICATE_METHOD_MATCH = YES;
				COPY_PHASE_STRIP = NO;
				CURRENT_PROJECT_VERSION = 1;
				DEBUG_INFORMATION_FORMAT = "dwarf-with-dsym";
				ENABLE_NS_ASSERTIONS = NO;
				ENABLE_STRICT_OBJC_MSGSEND = YES;
				ENABLE_USER_SCRIPT_SANDBOXING = YES;
				GCC_C_LANGUAGE_STANDARD = gnu11;
				GCC_NO_COMMON_BLOCKS = YES;
				GCC_WARN_64_TO_32_BIT_CONVERSION = YES;
				GCC_WARN_ABOUT_RETURN_TYPE = YES_ERROR;
				GCC_WARN_UNDECLARED_SELECTOR = YES;
				GCC_WARN_UNINITIALIZED_AUTOS = YES_AGGRESSIVE;
				GCC_WARN_UNUSED_FUNCTION = YES;
				GCC_WARN_UNUSED_VARIABLE = YES;
				GENERATE_INFOPLIST_FILE = YES;
				IPHONEOS_DEPLOYMENT_TARGET = 17.0;
				MARKETING_VERSION = 0.1;
				MTL_ENABLE_DEBUG_INFO = NO;
				MTL_FAST_MATH = YES;
				PRODUCT_NAME = "$(TARGET_NAME)";
				SDKROOT = iphoneos;
				SWIFT_COMPILATION_MODE = wholemodule;
				SWIFT_OPTIMIZATION_LEVEL = "-O";
				SWIFT_VERSION = 5.10;
			};
			name = Release;
		};
		F490D8E0CB4EF3C20A54A194 /* Debug */ = {
			isa = XCBuildConfiguration;
			buildSettings = {
				ASSETCATALOG_COMPILER_APPICON_NAME = AppIcon;
				ASSETCATALOG_COMPILER_GLOBAL_ACCENT_COLOR_NAME = AccentColor;
				CODE_SIGN_IDENTITY = "iPhone Developer";
				INFOPLIST_FILE = MexicanTrain/Resources/Info.plist;
				LD_RUNPATH_SEARCH_PATHS = (
					"$(inherited)",
					"@executable_path/Frameworks",
				);
				PRODUCT_BUNDLE_IDENTIFIER = com.kevin.mexicantrain;
				SDKROOT = iphoneos;
				TARGETED_DEVICE_FAMILY = 1;
			};
			name = Debug;
		};
		FA977CA0F231F5E830A4FDE8 /* Release */ = {
			isa = XCBuildConfiguration;
			buildSettings = {
				ASSETCATALOG_COMPILER_APPICON_NAME = AppIcon;
				ASSETCATALOG_COMPILER_GLOBAL_ACCENT_COLOR_NAME = AccentColor;
				CODE_SIGN_IDENTITY = "iPhone Developer";
				INFOPLIST_FILE = MexicanTrain/Resources/Info.plist;
				LD_RUNPATH_SEARCH_PATHS = (
					"$(inherited)",
					"@executable_path/Frameworks",
				);
				PRODUCT_BUNDLE_IDENTIFIER = com.kevin.mexicantrain;
				SDKROOT = iphoneos;
				TARGETED_DEVICE_FAMILY = 1;
			};
			name = Release;
		};
/* End XCBuildConfiguration section */

/* Begin XCConfigurationList section */
		4BABB9B003D7652C5CC1FA26 /* Build configuration list for PBXProject "MexicanTrain" */ = {
			isa = XCConfigurationList;
			buildConfigurations = (
				34C8A591F9BD71E355C6B4E5 /* Debug */,
				EC804D5A90151CF48D022D0B /* Release */,
			);
			defaultConfigurationIsVisible = 0;
			defaultConfigurationName = Debug;
		};
		78DA143C789D664F2F1FD16A /* Build configuration list for PBXNativeTarget "MexicanTrain" */ = {
			isa = XCConfigurationList;
			buildConfigurations = (
				F490D8E0CB4EF3C20A54A194 /* Debug */,
				FA977CA0F231F5E830A4FDE8 /* Release */,
			);
			defaultConfigurationIsVisible = 0;
			defaultConfigurationName = Debug;
		};
		BC158C0823F44675A0F70DAD /* Build configuration list for PBXNativeTarget "MexicanTrainTests" */ = {
			isa = XCConfigurationList;
			buildConfigurations = (
				67B7F5F1BB1D6FBF39AE0DCA /* Debug */,
				936A80DFF43836931D8D9206 /* Release */,
			);
			defaultConfigurationIsVisible = 0;
			defaultConfigurationName = Debug;
		};
/* End XCConfigurationList section */
	};
	rootObject = F2E9657EB103CE6B13B9C0E3 /* Project object */;
}
